// !$*UTF8*$!
{
	archiveVersion = 1;
	classes = {
	};
	objectVersion = 56;
	objects = {

/* Begin PBXBuildFile section */
		860D2B2F2C72808F00BE99AF /* HomeViewController.swift in Sources */ = {isa = PBXBuildFile; fileRef = 860D2B2E2C72808F00BE99AF /* HomeViewController.swift */; };
		860D2B312C7285A100BE99AF /* CategoryViewController.swift in Sources */ = {isa = PBXBuildFile; fileRef = 860D2B302C7285A100BE99AF /* CategoryViewController.swift */; };
		860D2B332C7285A700BE99AF /* SnapViewController.swift in Sources */ = {isa = PBXBuildFile; fileRef = 860D2B322C7285A700BE99AF /* SnapViewController.swift */; };
		860D2B352C7285B100BE99AF /* LikeViewController.swift in Sources */ = {isa = PBXBuildFile; fileRef = 860D2B342C7285B100BE99AF /* LikeViewController.swift */; };
		860D2B372C7285B800BE99AF /* MypageViewController.swift in Sources */ = {isa = PBXBuildFile; fileRef = 860D2B362C7285B800BE99AF /* MypageViewController.swift */; };
		868730D72C727907001C6615 /* AppDelegate.swift in Sources */ = {isa = PBXBuildFile; fileRef = 868730D62C727907001C6615 /* AppDelegate.swift */; };
		868730D92C727907001C6615 /* SceneDelegate.swift in Sources */ = {isa = PBXBuildFile; fileRef = 868730D82C727907001C6615 /* SceneDelegate.swift */; };
		868730DB2C727907001C6615 /* ViewController.swift in Sources */ = {isa = PBXBuildFile; fileRef = 868730DA2C727907001C6615 /* ViewController.swift */; };
		868730DE2C727907001C6615 /* Base in Resources */ = {isa = PBXBuildFile; fileRef = 868730DD2C727907001C6615 /* Base */; };
		868730E02C727907001C6615 /* Assets.xcassets in Resources */ = {isa = PBXBuildFile; fileRef = 868730DF2C727907001C6615 /* Assets.xcassets */; };
		868730E32C727907001C6615 /* Base in Resources */ = {isa = PBXBuildFile; fileRef = 868730E22C727907001C6615 /* Base */; };
/* End PBXBuildFile section */

/* Begin PBXFileReference section */
		860D2B2E2C72808F00BE99AF /* HomeViewController.swift */ = {isa = PBXFileReference; lastKnownFileType = sourcecode.swift; path = HomeViewController.swift; sourceTree = "<group>"; };
		860D2B302C7285A100BE99AF /* CategoryViewController.swift */ = {isa = PBXFileReference; lastKnownFileType = sourcecode.swift; path = CategoryViewController.swift; sourceTree = "<group>"; };
		860D2B322C7285A700BE99AF /* SnapViewController.swift */ = {isa = PBXFileReference; lastKnownFileType = sourcecode.swift; path = SnapViewController.swift; sourceTree = "<group>"; };
		860D2B342C7285B100BE99AF /* LikeViewController.swift */ = {isa = PBXFileReference; lastKnownFileType = sourcecode.swift; path = LikeViewController.swift; sourceTree = "<group>"; };
		860D2B362C7285B800BE99AF /* MypageViewController.swift */ = {isa = PBXFileReference; lastKnownFileType = sourcecode.swift; path = MypageViewController.swift; sourceTree = "<group>"; };
		868730D32C727907001C6615 /* MushinsaClone.app */ = {isa = PBXFileReference; explicitFileType = wrapper.application; includeInIndex = 0; path = MushinsaClone.app; sourceTree = BUILT_PRODUCTS_DIR; };
		868730D62C727907001C6615 /* AppDelegate.swift */ = {isa = PBXFileReference; lastKnownFileType = sourcecode.swift; path = AppDelegate.swift; sourceTree = "<group>"; };
		868730D82C727907001C6615 /* SceneDelegate.swift */ = {isa = PBXFileReference; lastKnownFileType = sourcecode.swift; path = SceneDelegate.swift; sourceTree = "<group>"; };
		868730DA2C727907001C6615 /* ViewController.swift */ = {isa = PBXFileReference; lastKnownFileType = sourcecode.swift; path = ViewController.swift; sourceTree = "<group>"; };
		868730DD2C727907001C6615 /* Base */ = {isa = PBXFileReference; lastKnownFileType = file.storyboard; name = Base; path = Base.lproj/Main.storyboard; sourceTree = "<group>"; };
		868730DF2C727907001C6615 /* Assets.xcassets */ = {isa = PBXFileReference; lastKnownFileType = folder.assetcatalog; path = Assets.xcassets; sourceTree = "<group>"; };
		868730E22C727907001C6615 /* Base */ = {isa = PBXFileReference; lastKnownFileType = file.storyboard; name = Base; path = Base.lproj/LaunchScreen.storyboard; sourceTree = "<group>"; };
		868730E42C727907001C6615 /* Info.plist */ = {isa = PBXFileReference; lastKnownFileType = text.plist.xml; path = Info.plist; sourceTree = "<group>"; };
/* End PBXFileReference section */

/* Begin PBXFrameworksBuildPhase section */
		868730D02C727907001C6615 /* Frameworks */ = {
			isa = PBXFrameworksBuildPhase;
			buildActionMask = 2147483647;
			files = (
			);
			runOnlyForDeploymentPostprocessing = 0;
		};
/* End PBXFrameworksBuildPhase section */

/* Begin PBXGroup section */
		868730CA2C727907001C6615 = {
			isa = PBXGroup;
			children = (
				868730D52C727907001C6615 /* MushinsaClone */,
				868730D42C727907001C6615 /* Products */,
			);
			sourceTree = "<group>";
		};
		868730D42C727907001C6615 /* Products */ = {
			isa = PBXGroup;
			children = (
				868730D32C727907001C6615 /* MushinsaClone.app */,
			);
			name = Products;
			sourceTree = "<group>";
		};
		868730D52C727907001C6615 /* MushinsaClone */ = {
			isa = PBXGroup;
			children = (
				868730EA2C727CBE001C6615 /* TabViewGroup */,
				868730D62C727907001C6615 /* AppDelegate.swift */,
				868730D82C727907001C6615 /* SceneDelegate.swift */,
				868730DA2C727907001C6615 /* ViewController.swift */,
				868730DC2C727907001C6615 /* Main.storyboard */,
				868730DF2C727907001C6615 /* Assets.xcassets */,
				868730E12C727907001C6615 /* LaunchScreen.storyboard */,
				868730E42C727907001C6615 /* Info.plist */,
			);
			path = MushinsaClone;
			sourceTree = "<group>";
		};
		868730EA2C727CBE001C6615 /* TabViewGroup */ = {
			isa = PBXGroup;
			children = (
				868730EB2C727CD5001C6615 /* CategoryView */,
				868730EC2C727CDC001C6615 /* SnapView */,
				868730ED2C727CFD001C6615 /* HomeView */,
				868730EF2C727D27001C6615 /* LikeView */,
				868730F02C727D2D001C6615 /* MypageView */,
			);
			path = TabViewGroup;
			sourceTree = "<group>";
		};
		868730EB2C727CD5001C6615 /* CategoryView */ = {
			isa = PBXGroup;
			children = (
				860D2B302C7285A100BE99AF /* CategoryViewController.swift */,
			);
			path = CategoryView;
			sourceTree = "<group>";
		};
		868730EC2C727CDC001C6615 /* SnapView */ = {
			isa = PBXGroup;
			children = (
				860D2B322C7285A700BE99AF /* SnapViewController.swift */,
			);
			path = SnapView;
			sourceTree = "<group>";
		};
		868730ED2C727CFD001C6615 /* HomeView */ = {
			isa = PBXGroup;
			children = (
				860D2B2E2C72808F00BE99AF /* HomeViewController.swift */,
			);
			path = HomeView;
			sourceTree = "<group>";
		};
		868730EF2C727D27001C6615 /* LikeView */ = {
			isa = PBXGroup;
			children = (
				860D2B342C7285B100BE99AF /* LikeViewController.swift */,
			);
			path = LikeView;
			sourceTree = "<group>";
		};
		868730F02C727D2D001C6615 /* MypageView */ = {
			isa = PBXGroup;
			children = (
				860D2B362C7285B800BE99AF /* MypageViewController.swift */,
			);
			path = MypageView;
			sourceTree = "<group>";
		};
/* End PBXGroup section */

/* Begin PBXNativeTarget section */
		868730D22C727907001C6615 /* MushinsaClone */ = {
			isa = PBXNativeTarget;
			buildConfigurationList = 868730E72C727907001C6615 /* Build configuration list for PBXNativeTarget "MushinsaClone" */;
			buildPhases = (
				868730CF2C727907001C6615 /* Sources */,
				868730D02C727907001C6615 /* Frameworks */,
				868730D12C727907001C6615 /* Resources */,
			);
			buildRules = (
			);
			dependencies = (
			);
			name = MushinsaClone;
			productName = MushinsaClone;
			productReference = 868730D32C727907001C6615 /* MushinsaClone.app */;
			productType = "com.apple.product-type.application";
		};
/* End PBXNativeTarget section */

/* Begin PBXProject section */
		868730CB2C727907001C6615 /* Project object */ = {
			isa = PBXProject;
			attributes = {
				BuildIndependentTargetsInParallel = 1;
				LastSwiftUpdateCheck = 1540;
				LastUpgradeCheck = 1540;
				TargetAttributes = {
					868730D22C727907001C6615 = {
						CreatedOnToolsVersion = 15.4;
					};
				};
			};
			buildConfigurationList = 868730CE2C727907001C6615 /* Build configuration list for PBXProject "MushinsaClone" */;
			compatibilityVersion = "Xcode 14.0";
			developmentRegion = en;
			hasScannedForEncodings = 0;
			knownRegions = (
				en,
				Base,
			);
			mainGroup = 868730CA2C727907001C6615;
			productRefGroup = 868730D42C727907001C6615 /* Products */;
			projectDirPath = "";
			projectRoot = "";
			targets = (
				868730D22C727907001C6615 /* MushinsaClone */,
			);
		};
/* End PBXProject section */

/* Begin PBXResourcesBuildPhase section */
		868730D12C727907001C6615 /* Resources */ = {
			isa = PBXResourcesBuildPhase;
			buildActionMask = 2147483647;
			files = (
				868730E02C727907001C6615 /* Assets.xcassets in Resources */,
				868730E32C727907001C6615 /* Base in Resources */,
				868730DE2C727907001C6615 /* Base in Resources */,
			);
			runOnlyForDeploymentPostprocessing = 0;
		};
/* End PBXResourcesBuildPhase section */

/* Begin PBXSourcesBuildPhase section */
		868730CF2C727907001C6615 /* Sources */ = {
			isa = PBXSourcesBuildPhase;
			buildActionMask = 2147483647;
			files = (
				860D2B332C7285A700BE99AF /* SnapViewController.swift in Sources */,
				860D2B312C7285A100BE99AF /* CategoryViewController.swift in Sources */,
				860D2B352C7285B100BE99AF /* LikeViewController.swift in Sources */,
				868730DB2C727907001C6615 /* ViewController.swift in Sources */,
				868730D72C727907001C6615 /* AppDelegate.swift in Sources */,
				868730D92C727907001C6615 /* SceneDelegate.swift in Sources */,
				860D2B2F2C72808F00BE99AF /* HomeViewController.swift in Sources */,
				860D2B372C7285B800BE99AF /* MypageViewController.swift in Sources */,
			);
			runOnlyForDeploymentPostprocessing = 0;
		};
/* End PBXSourcesBuildPhase section */

/* Begin PBXVariantGroup section */
		868730DC2C727907001C6615 /* Main.storyboard */ = {
			isa = PBXVariantGroup;
			children = (
				868730DD2C727907001C6615 /* Base */,
			);
			name = Main.storyboard;
			sourceTree = "<group>";
		};
		868730E12C727907001C6615 /* LaunchScreen.storyboard */ = {
			isa = PBXVariantGroup;
			children = (
				868730E22C727907001C6615 /* Base */,
			);
			name = LaunchScreen.storyboard;
			sourceTree = "<group>";
		};
/* End PBXVariantGroup section */

/* Begin XCBuildConfiguration section */
		868730E52C727907001C6615 /* Debug */ = {
			isa = XCBuildConfiguration;
			buildSettings = {
				ALWAYS_SEARCH_USER_PATHS = NO;
				ASSETCATALOG_COMPILER_GENERATE_SWIFT_ASSET_SYMBOL_EXTENSIONS = YES;
				CLANG_ANALYZER_NONNULL = YES;
				CLANG_ANALYZER_NUMBER_OBJECT_CONVERSION = YES_AGGRESSIVE;
				CLANG_CXX_LANGUAGE_STANDARD = "gnu++20";
				CLANG_ENABLE_MODULES = YES;
				CLANG_ENABLE_OBJC_ARC = YES;
				CLANG_ENABLE_OBJC_WEAK = YES;
				CLANG_WARN_BLOCK_CAPTURE_AUTORELEASING = YES;
				CLANG_WARN_BOOL_CONVERSION = YES;
				CLANG_WARN_COMMA = YES;
				CLANG_WARN_CONSTANT_CONVERSION = YES;
				CLANG_WARN_DEPRECATED_OBJC_IMPLEMENTATIONS = YES;
				CLANG_WARN_DIRECT_OBJC_ISA_USAGE = YES_ERROR;
				CLANG_WARN_DOCUMENTATION_COMMENTS = YES;
				CLANG_WARN_EMPTY_BODY = YES;
				CLANG_WARN_ENUM_CONVERSION = YES;
				CLANG_WARN_INFINITE_RECURSION = YES;
				CLANG_WARN_INT_CONVERSION = YES;
				CLANG_WARN_NON_LITERAL_NULL_CONVERSION = YES;
				CLANG_WARN_OBJC_IMPLICIT_RETAIN_SELF = YES;
				CLANG_WARN_OBJC_LITERAL_CONVERSION = YES;
				CLANG_WARN_OBJC_ROOT_CLASS = YES_ERROR;
				CLANG_WARN_QUOTED_INCLUDE_IN_FRAMEWORK_HEADER = YES;
				CLANG_WARN_RANGE_LOOP_ANALYSIS = YES;
				CLANG_WARN_STRICT_PROTOTYPES = YES;
				CLANG_WARN_SUSPICIOUS_MOVE = YES;
				CLANG_WARN_UNGUARDED_AVAILABILITY = YES_AGGRESSIVE;
				CLANG_WARN_UNREACHABLE_CODE = YES;
				CLANG_WARN__DUPLICATE_METHOD_MATCH = YES;
				COPY_PHASE_STRIP = NO;
				DEBUG_INFORMATION_FORMAT = dwarf;
				ENABLE_STRICT_OBJC_MSGSEND = YES;
				ENABLE_TESTABILITY = YES;
				ENABLE_USER_SCRIPT_SANDBOXING = YES;
				GCC_C_LANGUAGE_STANDARD = gnu17;
				GCC_DYNAMIC_NO_PIC = NO;
				GCC_NO_COMMON_BLOCKS = YES;
				GCC_OPTIMIZATION_LEVEL = 0;
				GCC_PREPROCESSOR_DEFINITIONS = (
					"DEBUG=1",
					"$(inherited)",
				);
				GCC_WARN_64_TO_32_BIT_CONVERSION = YES;
				GCC_WARN_ABOUT_RETURN_TYPE = YES_ERROR;
				GCC_WARN_UNDECLARED_SELECTOR = YES;
				GCC_WARN_UNINITIALIZED_AUTOS = YES_AGGRESSIVE;
				GCC_WARN_UNUSED_FUNCTION = YES;
				GCC_WARN_UNUSED_VARIABLE = YES;
				IPHONEOS_DEPLOYMENT_TARGET = 17.5;
				LOCALIZATION_PREFERS_STRING_CATALOGS = YES;
				MTL_ENABLE_DEBUG_INFO = INCLUDE_SOURCE;
				MTL_FAST_MATH = YES;
				ONLY_ACTIVE_ARCH = YES;
				SDKROOT = iphoneos;
				SWIFT_ACTIVE_COMPILATION_CONDITIONS = "DEBUG $(inherited)";
				SWIFT_OPTIMIZATION_LEVEL = "-Onone";
			};
			name = Debug;
		};
		868730E62C727907001C6615 /* Release */ = {
			isa = XCBuildConfiguration;
			buildSettings = {
				ALWAYS_SEARCH_USER_PATHS = NO;
				ASSETCATALOG_COMPILER_GENERATE_SWIFT_ASSET_SYMBOL_EXTENSIONS = YES;
				CLANG_ANALYZER_NONNULL = YES;
				CLANG_ANALYZER_NUMBER_OBJECT_CONVERSION = YES_AGGRESSIVE;
				CLANG_CXX_LANGUAGE_STANDARD = "gnu++20";
				CLANG_ENABLE_MODULES = YES;
				CLANG_ENABLE_OBJC_ARC = YES;
				CLANG_ENABLE_OBJC_WEAK = YES;
				CLANG_WARN_BLOCK_CAPTURE_AUTORELEASING = YES;
				CLANG_WARN_BOOL_CONVERSION = YES;
				CLANG_WARN_COMMA = YES;
				CLANG_WARN_CONSTANT_CONVERSION = YES;
				CLANG_WARN_DEPRECATED_OBJC_IMPLEMENTATIONS = YES;
				CLANG_WARN_DIRECT_OBJC_ISA_USAGE = YES_ERROR;
				CLANG_WARN_DOCUMENTATION_COMMENTS = YES;
				CLANG_WARN_EMPTY_BODY = YES;
				CLANG_WARN_ENUM_CONVERSION = YES;
				CLANG_WARN_INFINITE_RECURSION = YES;
				CLANG_WARN_INT_CONVERSION = YES;
				CLANG_WARN_NON_LITERAL_NULL_CONVERSION = YES;
				CLANG_WARN_OBJC_IMPLICIT_RETAIN_SELF = YES;
				CLANG_WARN_OBJC_LITERAL_CONVERSION = YES;
				CLANG_WARN_OBJC_ROOT_CLASS = YES_ERROR;
				CLANG_WARN_QUOTED_INCLUDE_IN_FRAMEWORK_HEADER = YES;
				CLANG_WARN_RANGE_LOOP_ANALYSIS = YES;
				CLANG_WARN_STRICT_PROTOTYPES = YES;
				CLANG_WARN_SUSPICIOUS_MOVE = YES;
				CLANG_WARN_UNGUARDED_AVAILABILITY = YES_AGGRESSIVE;
				CLANG_WARN_UNREACHABLE_CODE = YES;
				CLANG_WARN__DUPLICATE_METHOD_MATCH = YES;
				COPY_PHASE_STRIP = NO;
				DEBUG_INFORMATION_FORMAT = "dwarf-with-dsym";
				ENABLE_NS_ASSERTIONS = NO;
				ENABLE_STRICT_OBJC_MSGSEND = YES;
				ENABLE_USER_SCRIPT_SANDBOXING = YES;
				GCC_C_LANGUAGE_STANDARD = gnu17;
				GCC_NO_COMMON_BLOCKS = YES;
				GCC_WARN_64_TO_32_BIT_CONVERSION = YES;
				GCC_WARN_ABOUT_RETURN_TYPE = YES_ERROR;
				GCC_WARN_UNDECLARED_SELECTOR = YES;
				GCC_WARN_UNINITIALIZED_AUTOS = YES_AGGRESSIVE;
				GCC_WARN_UNUSED_FUNCTION = YES;
				GCC_WARN_UNUSED_VARIABLE = YES;
				IPHONEOS_DEPLOYMENT_TARGET = 17.5;
				LOCALIZATION_PREFERS_STRING_CATALOGS = YES;
				MTL_ENABLE_DEBUG_INFO = NO;
				MTL_FAST_MATH = YES;
				SDKROOT = iphoneos;
				SWIFT_COMPILATION_MODE = wholemodule;
				VALIDATE_PRODUCT = YES;
			};
			name = Release;
		};
		868730E82C727907001C6615 /* Debug */ = {
			isa = XCBuildConfiguration;
			buildSettings = {
				ASSETCATALOG_COMPILER_APPICON_NAME = AppIcon;
				ASSETCATALOG_COMPILER_GLOBAL_ACCENT_COLOR_NAME = AccentColor;
				CODE_SIGN_STYLE = Automatic;
				CURRENT_PROJECT_VERSION = 1;
				DEVELOPMENT_TEAM = Y333NVBXPT;
				GENERATE_INFOPLIST_FILE = YES;
				INFOPLIST_FILE = MushinsaClone/Info.plist;
				INFOPLIST_KEY_UIApplicationSupportsIndirectInputEvents = YES;
				INFOPLIST_KEY_UILaunchStoryboardName = LaunchScreen;
				INFOPLIST_KEY_UIMainStoryboardFile = Main;
				INFOPLIST_KEY_UISupportedInterfaceOrientations_iPad = "UIInterfaceOrientationPortrait UIInterfaceOrientationPortraitUpsideDown UIInterfaceOrientationLandscapeLeft UIInterfaceOrientationLandscapeRight";
				INFOPLIST_KEY_UISupportedInterfaceOrientations_iPhone = "UIInterfaceOrientationPortrait UIInterfaceOrientationLandscapeLeft UIInterfaceOrientationLandscapeRight";
				IPHONEOS_DEPLOYMENT_TARGET = 15.0;
				LD_RUNPATH_SEARCH_PATHS = (
					"$(inherited)",
					"@executable_path/Frameworks",
				);
				MARKETING_VERSION = 1.0;
				PRODUCT_BUNDLE_IDENTIFIER = CloneCoding.MushinsaClone;
				PRODUCT_NAME = "$(TARGET_NAME)";
				SWIFT_EMIT_LOC_STRINGS = YES;
				SWIFT_VERSION = 5.0;
				TARGETED_DEVICE_FAMILY = "1,2";
			};
			name = Debug;
		};
		868730E92C727907001C6615 /* Release */ = {
			isa = XCBuildConfiguration;
			buildSettings = {
				ASSETCATALOG_COMPILER_APPICON_NAME = AppIcon;
				ASSETCATALOG_COMPILER_GLOBAL_ACCENT_COLOR_NAME = AccentColor;
				CODE_SIGN_STYLE = Automatic;
				CURRENT_PROJECT_VERSION = 1;
				DEVELOPMENT_TEAM = Y333NVBXPT;
				GENERATE_INFOPLIST_FILE = YES;
				INFOPLIST_FILE = MushinsaClone/Info.plist;
				INFOPLIST_KEY_UIApplicationSupportsIndirectInputEvents = YES;
				INFOPLIST_KEY_UILaunchStoryboardName = LaunchScreen;
				INFOPLIST_KEY_UIMainStoryboardFile = Main;
				INFOPLIST_KEY_UISupportedInterfaceOrientations_iPad = "UIInterfaceOrientationPortrait UIInterfaceOrientationPortraitUpsideDown UIInterfaceOrientationLandscapeLeft UIInterfaceOrientationLandscapeRight";
				INFOPLIST_KEY_UISupportedInterfaceOrientations_iPhone = "UIInterfaceOrientationPortrait UIInterfaceOrientationLandscapeLeft UIInterfaceOrientationLandscapeRight";
				IPHONEOS_DEPLOYMENT_TARGET = 15.0;
				LD_RUNPATH_SEARCH_PATHS = (
					"$(inherited)",
					"@executable_path/Frameworks",
				);
				MARKETING_VERSION = 1.0;
				PRODUCT_BUNDLE_IDENTIFIER = CloneCoding.MushinsaClone;
				PRODUCT_NAME = "$(TARGET_NAME)";
				SWIFT_EMIT_LOC_STRINGS = YES;
				SWIFT_VERSION = 5.0;
				TARGETED_DEVICE_FAMILY = "1,2";
			};
			name = Release;
		};
/* End XCBuildConfiguration section */

/* Begin XCConfigurationList section */
		868730CE2C727907001C6615 /* Build configuration list for PBXProject "MushinsaClone" */ = {
			isa = XCConfigurationList;
			buildConfigurations = (
				868730E52C727907001C6615 /* Debug */,
				868730E62C727907001C6615 /* Release */,
			);
			defaultConfigurationIsVisible = 0;
			defaultConfigurationName = Release;
		};
		868730E72C727907001C6615 /* Build configuration list for PBXNativeTarget "MushinsaClone" */ = {
			isa = XCConfigurationList;
			buildConfigurations = (
				868730E82C727907001C6615 /* Debug */,
				868730E92C727907001C6615 /* Release */,
			);
			defaultConfigurationIsVisible = 0;
			defaultConfigurationName = Release;
		};
/* End XCConfigurationList section */
	};
	rootObject = 868730CB2C727907001C6615 /* Project object */;
}
